// !$*UTF8*$!
{
	archiveVersion = 1;
	classes = {
	};
	objectVersion = 56;
	objects = {

/* Begin PBXBuildFile section */
		931B28BA2BB662FA002828BC /* AppDelegate.swift in Sources */ = {isa = PBXBuildFile; fileRef = 931B28B92BB662FA002828BC /* AppDelegate.swift */; };
		931B28BC2BB662FA002828BC /* SceneDelegate.swift in Sources */ = {isa = PBXBuildFile; fileRef = 931B28BB2BB662FA002828BC /* SceneDelegate.swift */; };
		931B28BE2BB662FA002828BC /* ViewController.swift in Sources */ = {isa = PBXBuildFile; fileRef = 931B28BD2BB662FA002828BC /* ViewController.swift */; };
		931B28C12BB662FA002828BC /* Main.storyboard in Resources */ = {isa = PBXBuildFile; fileRef = 931B28BF2BB662FA002828BC /* Main.storyboard */; };
		931B28C32BB662FC002828BC /* Assets.xcassets in Resources */ = {isa = PBXBuildFile; fileRef = 931B28C22BB662FC002828BC /* Assets.xcassets */; };
		931B28C62BB662FC002828BC /* LaunchScreen.storyboard in Resources */ = {isa = PBXBuildFile; fileRef = 931B28C42BB662FC002828BC /* LaunchScreen.storyboard */; };
		931B28D32BB67523002828BC /* QuestionBankViewController.swift in Sources */ = {isa = PBXBuildFile; fileRef = 931B28D22BB67523002828BC /* QuestionBankViewController.swift */; };
		931B28D52BB67562002828BC /* QuestionBuilderViewController.swift in Sources */ = {isa = PBXBuildFile; fileRef = 931B28D42BB67562002828BC /* QuestionBuilderViewController.swift */; };
		931B28F22BB678E1002828BC /* Question.swift in Sources */ = {isa = PBXBuildFile; fileRef = 931B28F12BB678E0002828BC /* Question.swift */; };
		931B28F42BB67AE1002828BC /* QuestionBank.swift in Sources */ = {isa = PBXBuildFile; fileRef = 931B28F32BB67AE1002828BC /* QuestionBank.swift */; };
		931B28F82BB6819F002828BC /* QuizViewController.swift in Sources */ = {isa = PBXBuildFile; fileRef = 931B28F72BB6819F002828BC /* QuizViewController.swift */; };
		931B28FA2BB6FBCB002828BC /* EditQuestionViewController.swift in Sources */ = {isa = PBXBuildFile; fileRef = 931B28F92BB6FBCB002828BC /* EditQuestionViewController.swift */; };
		931B28FC2BB73488002828BC /* QuizBrain.swift in Sources */ = {isa = PBXBuildFile; fileRef = 931B28FB2BB73488002828BC /* QuizBrain.swift */; };
		931B28FE2BB7416A002828BC /* ResultViewController.swift in Sources */ = {isa = PBXBuildFile; fileRef = 931B28FD2BB7416A002828BC /* ResultViewController.swift */; };
/* End PBXBuildFile section */

/* Begin PBXFileReference section */
		931B28B62BB662FA002828BC /* Quiz App.app */ = {isa = PBXFileReference; explicitFileType = wrapper.application; includeInIndex = 0; path = "Quiz App.app"; sourceTree = BUILT_PRODUCTS_DIR; };
		931B28B92BB662FA002828BC /* AppDelegate.swift */ = {isa = PBXFileReference; lastKnownFileType = sourcecode.swift; path = AppDelegate.swift; sourceTree = "<group>"; };
		931B28BB2BB662FA002828BC /* SceneDelegate.swift */ = {isa = PBXFileReference; lastKnownFileType = sourcecode.swift; path = SceneDelegate.swift; sourceTree = "<group>"; };
		931B28BD2BB662FA002828BC /* ViewController.swift */ = {isa = PBXFileReference; lastKnownFileType = sourcecode.swift; path = ViewController.swift; sourceTree = "<group>"; };
		931B28C02BB662FA002828BC /* Base */ = {isa = PBXFileReference; lastKnownFileType = file.storyboard; name = Base; path = Base.lproj/Main.storyboard; sourceTree = "<group>"; };
		931B28C22BB662FC002828BC /* Assets.xcassets */ = {isa = PBXFileReference; lastKnownFileType = folder.assetcatalog; path = Assets.xcassets; sourceTree = "<group>"; };
		931B28C52BB662FC002828BC /* Base */ = {isa = PBXFileReference; lastKnownFileType = file.storyboard; name = Base; path = Base.lproj/LaunchScreen.storyboard; sourceTree = "<group>"; };
		931B28C72BB662FC002828BC /* Info.plist */ = {isa = PBXFileReference; lastKnownFileType = text.plist.xml; path = Info.plist; sourceTree = "<group>"; };
		931B28D22BB67523002828BC /* QuestionBankViewController.swift */ = {isa = PBXFileReference; lastKnownFileType = sourcecode.swift; path = QuestionBankViewController.swift; sourceTree = "<group>"; };
		931B28D42BB67562002828BC /* QuestionBuilderViewController.swift */ = {isa = PBXFileReference; lastKnownFileType = sourcecode.swift; path = QuestionBuilderViewController.swift; sourceTree = "<group>"; };
		931B28F12BB678E0002828BC /* Question.swift */ = {isa = PBXFileReference; lastKnownFileType = sourcecode.swift; path = Question.swift; sourceTree = "<group>"; };
		931B28F32BB67AE1002828BC /* QuestionBank.swift */ = {isa = PBXFileReference; lastKnownFileType = sourcecode.swift; path = QuestionBank.swift; sourceTree = "<group>"; };
		931B28F72BB6819F002828BC /* QuizViewController.swift */ = {isa = PBXFileReference; lastKnownFileType = sourcecode.swift; path = QuizViewController.swift; sourceTree = "<group>"; };
		931B28F92BB6FBCB002828BC /* EditQuestionViewController.swift */ = {isa = PBXFileReference; lastKnownFileType = sourcecode.swift; path = EditQuestionViewController.swift; sourceTree = "<group>"; };
		931B28FB2BB73488002828BC /* QuizBrain.swift */ = {isa = PBXFileReference; lastKnownFileType = sourcecode.swift; path = QuizBrain.swift; sourceTree = "<group>"; };
		931B28FD2BB7416A002828BC /* ResultViewController.swift */ = {isa = PBXFileReference; lastKnownFileType = sourcecode.swift; path = ResultViewController.swift; sourceTree = "<group>"; };
/* End PBXFileReference section */

/* Begin PBXFrameworksBuildPhase section */
		931B28B32BB662FA002828BC /* Frameworks */ = {
			isa = PBXFrameworksBuildPhase;
			buildActionMask = 2147483647;
			files = (
			);
			runOnlyForDeploymentPostprocessing = 0;
		};
/* End PBXFrameworksBuildPhase section */

/* Begin PBXGroup section */
		931B28AD2BB662FA002828BC = {
			isa = PBXGroup;
			children = (
				931B28B82BB662FA002828BC /* Quiz App */,
				931B28B72BB662FA002828BC /* Products */,
			);
			sourceTree = "<group>";
		};
		931B28B72BB662FA002828BC /* Products */ = {
			isa = PBXGroup;
			children = (
				931B28B62BB662FA002828BC /* Quiz App.app */,
			);
			name = Products;
			sourceTree = "<group>";
		};
		931B28B82BB662FA002828BC /* Quiz App */ = {
			isa = PBXGroup;
			children = (
				931B28F02BB678BD002828BC /* Model */,
				931B28B92BB662FA002828BC /* AppDelegate.swift */,
				931B28F62BB68061002828BC /* Views */,
				931B28BB2BB662FA002828BC /* SceneDelegate.swift */,
				931B28BF2BB662FA002828BC /* Main.storyboard */,
				931B28C22BB662FC002828BC /* Assets.xcassets */,
				931B28C42BB662FC002828BC /* LaunchScreen.storyboard */,
				931B28C72BB662FC002828BC /* Info.plist */,
			);
			path = "Quiz App";
			sourceTree = "<group>";
		};
		931B28F02BB678BD002828BC /* Model */ = {
			isa = PBXGroup;
			children = (
				931B28F12BB678E0002828BC /* Question.swift */,
				931B28F32BB67AE1002828BC /* QuestionBank.swift */,
				931B28FB2BB73488002828BC /* QuizBrain.swift */,
			);
			path = Model;
			sourceTree = "<group>";
		};
		931B28F62BB68061002828BC /* Views */ = {
			isa = PBXGroup;
			children = (
				931B28D42BB67562002828BC /* QuestionBuilderViewController.swift */,
				931B28BD2BB662FA002828BC /* ViewController.swift */,
				931B28D22BB67523002828BC /* QuestionBankViewController.swift */,
				931B28F72BB6819F002828BC /* QuizViewController.swift */,
				931B28F92BB6FBCB002828BC /* EditQuestionViewController.swift */,
				931B28FD2BB7416A002828BC /* ResultViewController.swift */,
			);
			path = Views;
			sourceTree = "<group>";
		};
/* End PBXGroup section */

/* Begin PBXNativeTarget section */
		931B28B52BB662FA002828BC /* Quiz App */ = {
			isa = PBXNativeTarget;
			buildConfigurationList = 931B28CA2BB662FC002828BC /* Build configuration list for PBXNativeTarget "Quiz App" */;
			buildPhases = (
				931B28B22BB662FA002828BC /* Sources */,
				931B28B32BB662FA002828BC /* Frameworks */,
				931B28B42BB662FA002828BC /* Resources */,
			);
			buildRules = (
			);
			dependencies = (
			);
			name = "Quiz App";
			productName = "Quiz App";
			productReference = 931B28B62BB662FA002828BC /* Quiz App.app */;
			productType = "com.apple.product-type.application";
		};
/* End PBXNativeTarget section */

/* Begin PBXProject section */
		931B28AE2BB662FA002828BC /* Project object */ = {
			isa = PBXProject;
			attributes = {
				BuildIndependentTargetsInParallel = 1;
				LastSwiftUpdateCheck = 1520;
				LastUpgradeCheck = 1520;
				TargetAttributes = {
					931B28B52BB662FA002828BC = {
						CreatedOnToolsVersion = 15.2;
					};
				};
			};
			buildConfigurationList = 931B28B12BB662FA002828BC /* Build configuration list for PBXProject "Quiz App" */;
			compatibilityVersion = "Xcode 14.0";
			developmentRegion = en;
			hasScannedForEncodings = 0;
			knownRegions = (
				en,
				Base,
			);
			mainGroup = 931B28AD2BB662FA002828BC;
			productRefGroup = 931B28B72BB662FA002828BC /* Products */;
			projectDirPath = "";
			projectRoot = "";
			targets = (
				931B28B52BB662FA002828BC /* Quiz App */,
			);
		};
/* End PBXProject section */

/* Begin PBXResourcesBuildPhase section */
		931B28B42BB662FA002828BC /* Resources */ = {
			isa = PBXResourcesBuildPhase;
			buildActionMask = 2147483647;
			files = (
				931B28C62BB662FC002828BC /* LaunchScreen.storyboard in Resources */,
				931B28C32BB662FC002828BC /* Assets.xcassets in Resources */,
				931B28C12BB662FA002828BC /* Main.storyboard in Resources */,
			);
			runOnlyForDeploymentPostprocessing = 0;
		};
/* End PBXResourcesBuildPhase section */

/* Begin PBXSourcesBuildPhase section */
		931B28B22BB662FA002828BC /* Sources */ = {
			isa = PBXSourcesBuildPhase;
			buildActionMask = 2147483647;
			files = (
				931B28D32BB67523002828BC /* QuestionBankViewController.swift in Sources */,
				931B28BE2BB662FA002828BC /* ViewController.swift in Sources */,
				931B28BA2BB662FA002828BC /* AppDelegate.swift in Sources */,
				931B28F82BB6819F002828BC /* QuizViewController.swift in Sources */,
				931B28F22BB678E1002828BC /* Question.swift in Sources */,
				931B28FC2BB73488002828BC /* QuizBrain.swift in Sources */,
				931B28D52BB67562002828BC /* QuestionBuilderViewController.swift in Sources */,
				931B28BC2BB662FA002828BC /* SceneDelegate.swift in Sources */,
				931B28F42BB67AE1002828BC /* QuestionBank.swift in Sources */,
				931B28FA2BB6FBCB002828BC /* EditQuestionViewController.swift in Sources */,
				931B28FE2BB7416A002828BC /* ResultViewController.swift in Sources */,
			);
			runOnlyForDeploymentPostprocessing = 0;
		};
/* End PBXSourcesBuildPhase section */

/* Begin PBXVariantGroup section */
		931B28BF2BB662FA002828BC /* Main.storyboard */ = {
			isa = PBXVariantGroup;
			children = (
				931B28C02BB662FA002828BC /* Base */,
			);
			name = Main.storyboard;
			sourceTree = "<group>";
		};
		931B28C42BB662FC002828BC /* LaunchScreen.storyboard */ = {
			isa = PBXVariantGroup;
			children = (
				931B28C52BB662FC002828BC /* Base */,
			);
			name = LaunchScreen.storyboard;
			sourceTree = "<group>";
		};
/* End PBXVariantGroup section */

/* Begin XCBuildConfiguration section */
		931B28C82BB662FC002828BC /* Debug */ = {
			isa = XCBuildConfiguration;
			buildSettings = {
				ALWAYS_SEARCH_USER_PATHS = NO;
				ASSETCATALOG_COMPILER_GENERATE_SWIFT_ASSET_SYMBOL_EXTENSIONS = YES;
				CLANG_ANALYZER_NONNULL = YES;
				CLANG_ANALYZER_NUMBER_OBJECT_CONVERSION = YES_AGGRESSIVE;
				CLANG_CXX_LANGUAGE_STANDARD = "gnu++20";
				CLANG_ENABLE_MODULES = YES;
				CLANG_ENABLE_OBJC_ARC = YES;
				CLANG_ENABLE_OBJC_WEAK = YES;
				CLANG_WARN_BLOCK_CAPTURE_AUTORELEASING = YES;
				CLANG_WARN_BOOL_CONVERSION = YES;
				CLANG_WARN_COMMA = YES;
				CLANG_WARN_CONSTANT_CONVERSION = YES;
				CLANG_WARN_DEPRECATED_OBJC_IMPLEMENTATIONS = YES;
				CLANG_WARN_DIRECT_OBJC_ISA_USAGE = YES_ERROR;
				CLANG_WARN_DOCUMENTATION_COMMENTS = YES;
				CLANG_WARN_EMPTY_BODY = YES;
				CLANG_WARN_ENUM_CONVERSION = YES;
				CLANG_WARN_INFINITE_RECURSION = YES;
				CLANG_WARN_INT_CONVERSION = YES;
				CLANG_WARN_NON_LITERAL_NULL_CONVERSION = YES;
				CLANG_WARN_OBJC_IMPLICIT_RETAIN_SELF = YES;
				CLANG_WARN_OBJC_LITERAL_CONVERSION = YES;
				CLANG_WARN_OBJC_ROOT_CLASS = YES_ERROR;
				CLANG_WARN_QUOTED_INCLUDE_IN_FRAMEWORK_HEADER = YES;
				CLANG_WARN_RANGE_LOOP_ANALYSIS = YES;
				CLANG_WARN_STRICT_PROTOTYPES = YES;
				CLANG_WARN_SUSPICIOUS_MOVE = YES;
				CLANG_WARN_UNGUARDED_AVAILABILITY = YES_AGGRESSIVE;
				CLANG_WARN_UNREACHABLE_CODE = YES;
				CLANG_WARN__DUPLICATE_METHOD_MATCH = YES;
				COPY_PHASE_STRIP = NO;
				DEBUG_INFORMATION_FORMAT = dwarf;
				ENABLE_STRICT_OBJC_MSGSEND = YES;
				ENABLE_TESTABILITY = YES;
				ENABLE_USER_SCRIPT_SANDBOXING = YES;
				GCC_C_LANGUAGE_STANDARD = gnu17;
				GCC_DYNAMIC_NO_PIC = NO;
				GCC_NO_COMMON_BLOCKS = YES;
				GCC_OPTIMIZATION_LEVEL = 0;
				GCC_PREPROCESSOR_DEFINITIONS = (
					"DEBUG=1",
					"$(inherited)",
				);
				GCC_WARN_64_TO_32_BIT_CONVERSION = YES;
				GCC_WARN_ABOUT_RETURN_TYPE = YES_ERROR;
				GCC_WARN_UNDECLARED_SELECTOR = YES;
				GCC_WARN_UNINITIALIZED_AUTOS = YES_AGGRESSIVE;
				GCC_WARN_UNUSED_FUNCTION = YES;
				GCC_WARN_UNUSED_VARIABLE = YES;
				IPHONEOS_DEPLOYMENT_TARGET = 17.2;
				LOCALIZATION_PREFERS_STRING_CATALOGS = YES;
				MTL_ENABLE_DEBUG_INFO = INCLUDE_SOURCE;
				MTL_FAST_MATH = YES;
				ONLY_ACTIVE_ARCH = YES;
				SDKROOT = iphoneos;
				SWIFT_ACTIVE_COMPILATION_CONDITIONS = "DEBUG $(inherited)";
				SWIFT_OPTIMIZATION_LEVEL = "-Onone";
			};
			name = Debug;
		};
		931B28C92BB662FC002828BC /* Release */ = {
			isa = XCBuildConfiguration;
			buildSettings = {
				ALWAYS_SEARCH_USER_PATHS = NO;
				ASSETCATALOG_COMPILER_GENERATE_SWIFT_ASSET_SYMBOL_EXTENSIONS = YES;
				CLANG_ANALYZER_NONNULL = YES;
				CLANG_ANALYZER_NUMBER_OBJECT_CONVERSION = YES_AGGRESSIVE;
				CLANG_CXX_LANGUAGE_STANDARD = "gnu++20";
				CLANG_ENABLE_MODULES = YES;
				CLANG_ENABLE_OBJC_ARC = YES;
				CLANG_ENABLE_OBJC_WEAK = YES;
				CLANG_WARN_BLOCK_CAPTURE_AUTORELEASING = YES;
				CLANG_WARN_BOOL_CONVERSION = YES;
				CLANG_WARN_COMMA = YES;
				CLANG_WARN_CONSTANT_CONVERSION = YES;
				CLANG_WARN_DEPRECATED_OBJC_IMPLEMENTATIONS = YES;
				CLANG_WARN_DIRECT_OBJC_ISA_USAGE = YES_ERROR;
				CLANG_WARN_DOCUMENTATION_COMMENTS = YES;
				CLANG_WARN_EMPTY_BODY = YES;
				CLANG_WARN_ENUM_CONVERSION = YES;
				CLANG_WARN_INFINITE_RECURSION = YES;
				CLANG_WARN_INT_CONVERSION = YES;
				CLANG_WARN_NON_LITERAL_NULL_CONVERSION = YES;
				CLANG_WARN_OBJC_IMPLICIT_RETAIN_SELF = YES;
				CLANG_WARN_OBJC_LITERAL_CONVERSION = YES;
				CLANG_WARN_OBJC_ROOT_CLASS = YES_ERROR;
				CLANG_WARN_QUOTED_INCLUDE_IN_FRAMEWORK_HEADER = YES;
				CLANG_WARN_RANGE_LOOP_ANALYSIS = YES;
				CLANG_WARN_STRICT_PROTOTYPES = YES;
				CLANG_WARN_SUSPICIOUS_MOVE = YES;
				CLANG_WARN_UNGUARDED_AVAILABILITY = YES_AGGRESSIVE;
				CLANG_WARN_UNREACHABLE_CODE = YES;
				CLANG_WARN__DUPLICATE_METHOD_MATCH = YES;
				COPY_PHASE_STRIP = NO;
				DEBUG_INFORMATION_FORMAT = "dwarf-with-dsym";
				ENABLE_NS_ASSERTIONS = NO;
				ENABLE_STRICT_OBJC_MSGSEND = YES;
				ENABLE_USER_SCRIPT_SANDBOXING = YES;
				GCC_C_LANGUAGE_STANDARD = gnu17;
				GCC_NO_COMMON_BLOCKS = YES;
				GCC_WARN_64_TO_32_BIT_CONVERSION = YES;
				GCC_WARN_ABOUT_RETURN_TYPE = YES_ERROR;
				GCC_WARN_UNDECLARED_SELECTOR = YES;
				GCC_WARN_UNINITIALIZED_AUTOS = YES_AGGRESSIVE;
				GCC_WARN_UNUSED_FUNCTION = YES;
				GCC_WARN_UNUSED_VARIABLE = YES;
				IPHONEOS_DEPLOYMENT_TARGET = 17.2;
				LOCALIZATION_PREFERS_STRING_CATALOGS = YES;
				MTL_ENABLE_DEBUG_INFO = NO;
				MTL_FAST_MATH = YES;
				SDKROOT = iphoneos;
				SWIFT_COMPILATION_MODE = wholemodule;
				VALIDATE_PRODUCT = YES;
			};
			name = Release;
		};
		931B28CB2BB662FC002828BC /* Debug */ = {
			isa = XCBuildConfiguration;
			buildSettings = {
				ASSETCATALOG_COMPILER_APPICON_NAME = AppIcon;
				ASSETCATALOG_COMPILER_GLOBAL_ACCENT_COLOR_NAME = AccentColor;
				CODE_SIGN_STYLE = Automatic;
				CURRENT_PROJECT_VERSION = 1;
				GENERATE_INFOPLIST_FILE = YES;
				INFOPLIST_FILE = "Quiz App/Info.plist";
				INFOPLIST_KEY_UIApplicationSupportsIndirectInputEvents = YES;
				INFOPLIST_KEY_UILaunchStoryboardName = LaunchScreen;
				INFOPLIST_KEY_UIMainStoryboardFile = Main;
				INFOPLIST_KEY_UISupportedInterfaceOrientations_iPad = "UIInterfaceOrientationPortrait UIInterfaceOrientationPortraitUpsideDown UIInterfaceOrientationLandscapeLeft UIInterfaceOrientationLandscapeRight";
				INFOPLIST_KEY_UISupportedInterfaceOrientations_iPhone = "UIInterfaceOrientationPortrait UIInterfaceOrientationLandscapeLeft UIInterfaceOrientationLandscapeRight";
				LD_RUNPATH_SEARCH_PATHS = (
					"$(inherited)",
					"@executable_path/Frameworks",
				);
				MARKETING_VERSION = 1.0;
				PRODUCT_BUNDLE_IDENTIFIER = "com.aniket.humber.Quiz-App";
				PRODUCT_NAME = "$(TARGET_NAME)";
				SWIFT_EMIT_LOC_STRINGS = YES;
				SWIFT_VERSION = 5.0;
				TARGETED_DEVICE_FAMILY = "1,2";
			};
			name = Debug;
		};
		931B28CC2BB662FC002828BC /* Release */ = {
			isa = XCBuildConfiguration;
			buildSettings = {
				ASSETCATALOG_COMPILER_APPICON_NAME = AppIcon;
				ASSETCATALOG_COMPILER_GLOBAL_ACCENT_COLOR_NAME = AccentColor;
				CODE_SIGN_STYLE = Automatic;
				CURRENT_PROJECT_VERSION = 1;
				GENERATE_INFOPLIST_FILE = YES;
				INFOPLIST_FILE = "Quiz App/Info.plist";
				INFOPLIST_KEY_UIApplicationSupportsIndirectInputEvents = YES;
				INFOPLIST_KEY_UILaunchStoryboardName = LaunchScreen;
				INFOPLIST_KEY_UIMainStoryboardFile = Main;
				INFOPLIST_KEY_UISupportedInterfaceOrientations_iPad = "UIInterfaceOrientationPortrait UIInterfaceOrientationPortraitUpsideDown UIInterfaceOrientationLandscapeLeft UIInterfaceOrientationLandscapeRight";
				INFOPLIST_KEY_UISupportedInterfaceOrientations_iPhone = "UIInterfaceOrientationPortrait UIInterfaceOrientationLandscapeLeft UIInterfaceOrientationLandscapeRight";
				LD_RUNPATH_SEARCH_PATHS = (
					"$(inherited)",
					"@executable_path/Frameworks",
				);
				MARKETING_VERSION = 1.0;
				PRODUCT_BUNDLE_IDENTIFIER = "com.aniket.humber.Quiz-App";
				PRODUCT_NAME = "$(TARGET_NAME)";
				SWIFT_EMIT_LOC_STRINGS = YES;
				SWIFT_VERSION = 5.0;
				TARGETED_DEVICE_FAMILY = "1,2";
			};
			name = Release;
		};
/* End XCBuildConfiguration section */

/* Begin XCConfigurationList section */
		931B28B12BB662FA002828BC /* Build configuration list for PBXProject "Quiz App" */ = {
			isa = XCConfigurationList;
			buildConfigurations = (
				931B28C82BB662FC002828BC /* Debug */,
				931B28C92BB662FC002828BC /* Release */,
			);
			defaultConfigurationIsVisible = 0;
			defaultConfigurationName = Release;
		};
		931B28CA2BB662FC002828BC /* Build configuration list for PBXNativeTarget "Quiz App" */ = {
			isa = XCConfigurationList;
			buildConfigurations = (
				931B28CB2BB662FC002828BC /* Debug */,
				931B28CC2BB662FC002828BC /* Release */,
			);
			defaultConfigurationIsVisible = 0;
			defaultConfigurationName = Release;
		};
/* End XCConfigurationList section */
	};
	rootObject = 931B28AE2BB662FA002828BC /* Project object */;
}
